
Microsoft Visual Studio Solution File, Format Version 12.00
# Visual Studio 15
VisualStudioVersion = 15.0.28307.705
MinimumVisualStudioVersion = 10.0.40219.1
Project("{FAE04EC0-301F-11D3-BF4B-00C04F79EFBC}") = "RepositoryPattern", "RepositoryPattern\RepositoryPattern.csproj", "{475E0E27-5AB3-4E68-91E1-41FA49545B06}"
EndProject
Project("{FAE04EC0-301F-11D3-BF4B-00C04F79EFBC}") = "StrategyPattern", "StrategyPattern\StrategyPattern.csproj", "{40CE9B28-A355-4C1F-AD4D-94F8E616618E}"
EndProject
Global
	GlobalSection(SolutionConfigurationPlatforms) = preSolution
		Debug|Any CPU = Debug|Any CPU
		Release|Any CPU = Release|Any CPU
	EndGlobalSection
	GlobalSection(ProjectConfigurationPlatforms) = postSolution
		{475E0E27-5AB3-4E68-91E1-41FA49545B06}.Debug|Any CPU.ActiveCfg = Debug|Any CPU
		{475E0E27-5AB3-4E68-91E1-41FA49545B06}.Debug|Any CPU.Build.0 = Debug|Any CPU
		{475E0E27-5AB3-4E68-91E1-41FA49545B06}.Release|Any CPU.ActiveCfg = Release|Any CPU
		{475E0E27-5AB3-4E68-91E1-41FA49545B06}.Release|Any CPU.Build.0 = Release|Any CPU
		{40CE9B28-A355-4C1F-AD4D-94F8E616618E}.Debug|Any CPU.ActiveCfg = Debug|Any CPU
		{40CE9B28-A355-4C1F-AD4D-94F8E616618E}.Debug|Any CPU.Build.0 = Debug|Any CPU
		{40CE9B28-A355-4C1F-AD4D-94F8E616618E}.Release|Any CPU.ActiveCfg = Release|Any CPU
		{40CE9B28-A355-4C1F-AD4D-94F8E616618E}.Release|Any CPU.Build.0 = Release|Any CPU
	EndGlobalSection
	GlobalSection(SolutionProperties) = preSolution
		HideSolutionNode = FALSE
	EndGlobalSection
	GlobalSection(ExtensibilityGlobals) = postSolution
		SolutionGuid = {3C2C8B35-61DD-4FB5-8D63-8A206E679498}
	EndGlobalSection
EndGlobal
